
Microsoft Visual Studio Solution File, Format Version 12.00
# Visual Studio 15
VisualStudioVersion = 15.0.27004.2002
MinimumVisualStudioVersion = 10.0.40219.1
Project("{8BC9CEB8-8B4A-11D0-8D11-00A0C91BC942}") = "Lab10-Map", "Lab10-Map\Lab10-Map.vcxproj", "{CDD22D28-BC17-4B71-BF9C-37450B8DB8CA}"
EndProject
Global
	GlobalSection(SolutionConfigurationPlatforms) = preSolution
		Debug|x64 = Debug|x64
		Debug|x86 = Debug|x86
		Release|x64 = Release|x64
		Release|x86 = Release|x86
	EndGlobalSection
	GlobalSection(ProjectConfigurationPlatforms) = postSolution
		{CDD22D28-BC17-4B71-BF9C-37450B8DB8CA}.Debug|x64.ActiveCfg = Debug|x64
		{CDD22D28-BC17-4B71-BF9C-37450B8DB8CA}.Debug|x64.Build.0 = Debug|x64
		{CDD22D28-BC17-4B71-BF9C-37450B8DB8CA}.Debug|x86.ActiveCfg = Debug|Win32
		{CDD22D28-BC17-4B71-BF9C-37450B8DB8CA}.Debug|x86.Build.0 = Debug|Win32
		{CDD22D28-BC17-4B71-BF9C-37450B8DB8CA}.Release|x64.ActiveCfg = Release|x64
		{CDD22D28-BC17-4B71-BF9C-37450B8DB8CA}.Release|x64.Build.0 = Release|x64
		{CDD22D28-BC17-4B71-BF9C-37450B8DB8CA}.Release|x86.ActiveCfg = Release|Win32
		{CDD22D28-BC17-4B71-BF9C-37450B8DB8CA}.Release|x86.Build.0 = Release|Win32
	EndGlobalSection
	GlobalSection(SolutionProperties) = preSolution
		HideSolutionNode = FALSE
	EndGlobalSection
	GlobalSection(ExtensibilityGlobals) = postSolution
		SolutionGuid = {3986782D-E367-4316-8C8A-60BEFE42C85D}
	EndGlobalSection
EndGlobal
