
Microsoft Visual Studio Solution File, Format Version 12.00
# Visual Studio 15
VisualStudioVersion = 15.0.27004.2002
MinimumVisualStudioVersion = 10.0.40219.1
Project("{8BC9CEB8-8B4A-11D0-8D11-00A0C91BC942}") = "Lab10-vector", "Lab10-vector\Lab10-vector.vcxproj", "{048F3C03-0100-4689-BEB5-26466407815B}"
EndProject
Global
	GlobalSection(SolutionConfigurationPlatforms) = preSolution
		Debug|x64 = Debug|x64
		Debug|x86 = Debug|x86
		Release|x64 = Release|x64
		Release|x86 = Release|x86
	EndGlobalSection
	GlobalSection(ProjectConfigurationPlatforms) = postSolution
		{048F3C03-0100-4689-BEB5-26466407815B}.Debug|x64.ActiveCfg = Debug|x64
		{048F3C03-0100-4689-BEB5-26466407815B}.Debug|x64.Build.0 = Debug|x64
		{048F3C03-0100-4689-BEB5-26466407815B}.Debug|x86.ActiveCfg = Debug|Win32
		{048F3C03-0100-4689-BEB5-26466407815B}.Debug|x86.Build.0 = Debug|Win32
		{048F3C03-0100-4689-BEB5-26466407815B}.Release|x64.ActiveCfg = Release|x64
		{048F3C03-0100-4689-BEB5-26466407815B}.Release|x64.Build.0 = Release|x64
		{048F3C03-0100-4689-BEB5-26466407815B}.Release|x86.ActiveCfg = Release|Win32
		{048F3C03-0100-4689-BEB5-26466407815B}.Release|x86.Build.0 = Release|Win32
	EndGlobalSection
	GlobalSection(SolutionProperties) = preSolution
		HideSolutionNode = FALSE
	EndGlobalSection
	GlobalSection(ExtensibilityGlobals) = postSolution
		SolutionGuid = {E5FA7A01-943F-4111-B9E9-1E6DE7C8CC28}
	EndGlobalSection
EndGlobal
